// !$*UTF8*$!
{
	archiveVersion = 1;
	classes = {
	};
	objectVersion = 48;
	objects = {

/* Begin PBXBuildFile section */
		8F1AC8CD1F7E578F005234F1 /* AppDelegate.swift in Sources */ = {isa = PBXBuildFile; fileRef = 8F1AC8CC1F7E578F005234F1 /* AppDelegate.swift */; };
		8F1AC8CF1F7E578F005234F1 /* ViewController.swift in Sources */ = {isa = PBXBuildFile; fileRef = 8F1AC8CE1F7E578F005234F1 /* ViewController.swift */; };
		8F1AC8D21F7E578F005234F1 /* Main.storyboard in Resources */ = {isa = PBXBuildFile; fileRef = 8F1AC8D01F7E578F005234F1 /* Main.storyboard */; };
		8F1AC8D41F7E578F005234F1 /* Assets.xcassets in Resources */ = {isa = PBXBuildFile; fileRef = 8F1AC8D31F7E578F005234F1 /* Assets.xcassets */; };
		8F1AC8D71F7E578F005234F1 /* LaunchScreen.storyboard in Resources */ = {isa = PBXBuildFile; fileRef = 8F1AC8D51F7E578F005234F1 /* LaunchScreen.storyboard */; };
		8F1AC8E21F7E578F005234F1 /* CalendarDemoTests.swift in Sources */ = {isa = PBXBuildFile; fileRef = 8F1AC8E11F7E578F005234F1 /* CalendarDemoTests.swift */; };
		8F1AC8ED1F7E5790005234F1 /* CalendarDemoUITests.swift in Sources */ = {isa = PBXBuildFile; fileRef = 8F1AC8EC1F7E5790005234F1 /* CalendarDemoUITests.swift */; };
		8F351C351F8361160039CB22 /* CalendarCollectionViewCell.swift in Sources */ = {isa = PBXBuildFile; fileRef = 8F351C341F8361160039CB22 /* CalendarCollectionViewCell.swift */; };
/* End PBXBuildFile section */

/* Begin PBXContainerItemProxy section */
		8F1AC8DE1F7E578F005234F1 /* PBXContainerItemProxy */ = {
			isa = PBXContainerItemProxy;
			containerPortal = 8F1AC8C11F7E578F005234F1 /* Project object */;
			proxyType = 1;
			remoteGlobalIDString = 8F1AC8C81F7E578F005234F1;
			remoteInfo = CalendarDemo;
		};
		8F1AC8E91F7E5790005234F1 /* PBXContainerItemProxy */ = {
			isa = PBXContainerItemProxy;
			containerPortal = 8F1AC8C11F7E578F005234F1 /* Project object */;
			proxyType = 1;
			remoteGlobalIDString = 8F1AC8C81F7E578F005234F1;
			remoteInfo = CalendarDemo;
		};
/* End PBXContainerItemProxy section */

/* Begin PBXFileReference section */
		8F1AC8C91F7E578F005234F1 /* CalendarDemo.app */ = {isa = PBXFileReference; explicitFileType = wrapper.application; includeInIndex = 0; path = CalendarDemo.app; sourceTree = BUILT_PRODUCTS_DIR; };
		8F1AC8CC1F7E578F005234F1 /* AppDelegate.swift */ = {isa = PBXFileReference; lastKnownFileType = sourcecode.swift; path = AppDelegate.swift; sourceTree = "<group>"; };
		8F1AC8CE1F7E578F005234F1 /* ViewController.swift */ = {isa = PBXFileReference; lastKnownFileType = sourcecode.swift; path = ViewController.swift; sourceTree = "<group>"; };
		8F1AC8D11F7E578F005234F1 /* Base */ = {isa = PBXFileReference; lastKnownFileType = file.storyboard; name = Base; path = Base.lproj/Main.storyboard; sourceTree = "<group>"; };
		8F1AC8D31F7E578F005234F1 /* Assets.xcassets */ = {isa = PBXFileReference; lastKnownFileType = folder.assetcatalog; path = Assets.xcassets; sourceTree = "<group>"; };
		8F1AC8D61F7E578F005234F1 /* Base */ = {isa = PBXFileReference; lastKnownFileType = file.storyboard; name = Base; path = Base.lproj/LaunchScreen.storyboard; sourceTree = "<group>"; };
		8F1AC8D81F7E578F005234F1 /* Info.plist */ = {isa = PBXFileReference; lastKnownFileType = text.plist.xml; path = Info.plist; sourceTree = "<group>"; };
		8F1AC8DD1F7E578F005234F1 /* CalendarDemoTests.xctest */ = {isa = PBXFileReference; explicitFileType = wrapper.cfbundle; includeInIndex = 0; path = CalendarDemoTests.xctest; sourceTree = BUILT_PRODUCTS_DIR; };
		8F1AC8E11F7E578F005234F1 /* CalendarDemoTests.swift */ = {isa = PBXFileReference; lastKnownFileType = sourcecode.swift; path = CalendarDemoTests.swift; sourceTree = "<group>"; };
		8F1AC8E31F7E578F005234F1 /* Info.plist */ = {isa = PBXFileReference; lastKnownFileType = text.plist.xml; path = Info.plist; sourceTree = "<group>"; };
		8F1AC8E81F7E5790005234F1 /* CalendarDemoUITests.xctest */ = {isa = PBXFileReference; explicitFileType = wrapper.cfbundle; includeInIndex = 0; path = CalendarDemoUITests.xctest; sourceTree = BUILT_PRODUCTS_DIR; };
		8F1AC8EC1F7E5790005234F1 /* CalendarDemoUITests.swift */ = {isa = PBXFileReference; lastKnownFileType = sourcecode.swift; path = CalendarDemoUITests.swift; sourceTree = "<group>"; };
		8F1AC8EE1F7E5790005234F1 /* Info.plist */ = {isa = PBXFileReference; lastKnownFileType = text.plist.xml; path = Info.plist; sourceTree = "<group>"; };
		8F351C341F8361160039CB22 /* CalendarCollectionViewCell.swift */ = {isa = PBXFileReference; lastKnownFileType = sourcecode.swift; path = CalendarCollectionViewCell.swift; sourceTree = "<group>"; };
/* End PBXFileReference section */

/* Begin PBXFrameworksBuildPhase section */
		8F1AC8C61F7E578F005234F1 /* Frameworks */ = {
			isa = PBXFrameworksBuildPhase;
			buildActionMask = 2147483647;
			files = (
			);
			runOnlyForDeploymentPostprocessing = 0;
		};
		8F1AC8DA1F7E578F005234F1 /* Frameworks */ = {
			isa = PBXFrameworksBuildPhase;
			buildActionMask = 2147483647;
			files = (
			);
			runOnlyForDeploymentPostprocessing = 0;
		};
		8F1AC8E51F7E5790005234F1 /* Frameworks */ = {
			isa = PBXFrameworksBuildPhase;
			buildActionMask = 2147483647;
			files = (
			);
			runOnlyForDeploymentPostprocessing = 0;
		};
/* End PBXFrameworksBuildPhase section */

/* Begin PBXGroup section */
		8F1AC8C01F7E578F005234F1 = {
			isa = PBXGroup;
			children = (
				8F1AC8CB1F7E578F005234F1 /* CalendarDemo */,
				8F1AC8E01F7E578F005234F1 /* CalendarDemoTests */,
				8F1AC8EB1F7E5790005234F1 /* CalendarDemoUITests */,
				8F1AC8CA1F7E578F005234F1 /* Products */,
			);
			sourceTree = "<group>";
		};
		8F1AC8CA1F7E578F005234F1 /* Products */ = {
			isa = PBXGroup;
			children = (
				8F1AC8C91F7E578F005234F1 /* CalendarDemo.app */,
				8F1AC8DD1F7E578F005234F1 /* CalendarDemoTests.xctest */,
				8F1AC8E81F7E5790005234F1 /* CalendarDemoUITests.xctest */,
			);
			name = Products;
			sourceTree = "<group>";
		};
		8F1AC8CB1F7E578F005234F1 /* CalendarDemo */ = {
			isa = PBXGroup;
			children = (
				8F1AC8CC1F7E578F005234F1 /* AppDelegate.swift */,
				8F1AC8CE1F7E578F005234F1 /* ViewController.swift */,
				8F1AC8D01F7E578F005234F1 /* Main.storyboard */,
				8F1AC8D31F7E578F005234F1 /* Assets.xcassets */,
				8F1AC8D51F7E578F005234F1 /* LaunchScreen.storyboard */,
				8F1AC8D81F7E578F005234F1 /* Info.plist */,
				8F351C341F8361160039CB22 /* CalendarCollectionViewCell.swift */,
			);
			path = CalendarDemo;
			sourceTree = "<group>";
		};
		8F1AC8E01F7E578F005234F1 /* CalendarDemoTests */ = {
			isa = PBXGroup;
			children = (
				8F1AC8E11F7E578F005234F1 /* CalendarDemoTests.swift */,
				8F1AC8E31F7E578F005234F1 /* Info.plist */,
			);
			path = CalendarDemoTests;
			sourceTree = "<group>";
		};
		8F1AC8EB1F7E5790005234F1 /* CalendarDemoUITests */ = {
			isa = PBXGroup;
			children = (
				8F1AC8EC1F7E5790005234F1 /* CalendarDemoUITests.swift */,
				8F1AC8EE1F7E5790005234F1 /* Info.plist */,
			);
			path = CalendarDemoUITests;
			sourceTree = "<group>";
		};
/* End PBXGroup section */

/* Begin PBXNativeTarget section */
		8F1AC8C81F7E578F005234F1 /* CalendarDemo */ = {
			isa = PBXNativeTarget;
			buildConfigurationList = 8F1AC8F11F7E5790005234F1 /* Build configuration list for PBXNativeTarget "CalendarDemo" */;
			buildPhases = (
				8F1AC8C51F7E578F005234F1 /* Sources */,
				8F1AC8C61F7E578F005234F1 /* Frameworks */,
				8F1AC8C71F7E578F005234F1 /* Resources */,
			);
			buildRules = (
			);
			dependencies = (
			);
			name = CalendarDemo;
			productName = CalendarDemo;
			productReference = 8F1AC8C91F7E578F005234F1 /* CalendarDemo.app */;
			productType = "com.apple.product-type.application";
		};
		8F1AC8DC1F7E578F005234F1 /* CalendarDemoTests */ = {
			isa = PBXNativeTarget;
			buildConfigurationList = 8F1AC8F41F7E5790005234F1 /* Build configuration list for PBXNativeTarget "CalendarDemoTests" */;
			buildPhases = (
				8F1AC8D91F7E578F005234F1 /* Sources */,
				8F1AC8DA1F7E578F005234F1 /* Frameworks */,
				8F1AC8DB1F7E578F005234F1 /* Resources */,
			);
			buildRules = (
			);
			dependencies = (
				8F1AC8DF1F7E578F005234F1 /* PBXTargetDependency */,
			);
			name = CalendarDemoTests;
			productName = CalendarDemoTests;
			productReference = 8F1AC8DD1F7E578F005234F1 /* CalendarDemoTests.xctest */;
			productType = "com.apple.product-type.bundle.unit-test";
		};
		8F1AC8E71F7E5790005234F1 /* CalendarDemoUITests */ = {
			isa = PBXNativeTarget;
			buildConfigurationList = 8F1AC8F71F7E5790005234F1 /* Build configuration list for PBXNativeTarget "CalendarDemoUITests" */;
			buildPhases = (
				8F1AC8E41F7E5790005234F1 /* Sources */,
				8F1AC8E51F7E5790005234F1 /* Frameworks */,
				8F1AC8E61F7E5790005234F1 /* Resources */,
			);
			buildRules = (
			);
			dependencies = (
				8F1AC8EA1F7E5790005234F1 /* PBXTargetDependency */,
			);
			name = CalendarDemoUITests;
			productName = CalendarDemoUITests;
			productReference = 8F1AC8E81F7E5790005234F1 /* CalendarDemoUITests.xctest */;
			productType = "com.apple.product-type.bundle.ui-testing";
		};
/* End PBXNativeTarget section */

/* Begin PBXProject section */
		8F1AC8C11F7E578F005234F1 /* Project object */ = {
			isa = PBXProject;
			attributes = {
				LastSwiftUpdateCheck = 0900;
				LastUpgradeCheck = 0900;
				ORGANIZATIONNAME = "Prashant Prajapati";
				TargetAttributes = {
					8F1AC8C81F7E578F005234F1 = {
						CreatedOnToolsVersion = 9.0;
						ProvisioningStyle = Automatic;
					};
					8F1AC8DC1F7E578F005234F1 = {
						CreatedOnToolsVersion = 9.0;
						ProvisioningStyle = Automatic;
						TestTargetID = 8F1AC8C81F7E578F005234F1;
					};
					8F1AC8E71F7E5790005234F1 = {
						CreatedOnToolsVersion = 9.0;
						ProvisioningStyle = Automatic;
						TestTargetID = 8F1AC8C81F7E578F005234F1;
					};
				};
			};
			buildConfigurationList = 8F1AC8C41F7E578F005234F1 /* Build configuration list for PBXProject "CalendarDemo" */;
			compatibilityVersion = "Xcode 8.0";
			developmentRegion = en;
			hasScannedForEncodings = 0;
			knownRegions = (
				en,
				Base,
			);
			mainGroup = 8F1AC8C01F7E578F005234F1;
			productRefGroup = 8F1AC8CA1F7E578F005234F1 /* Products */;
			projectDirPath = "";
			projectRoot = "";
			targets = (
				8F1AC8C81F7E578F005234F1 /* CalendarDemo */,
				8F1AC8DC1F7E578F005234F1 /* CalendarDemoTests */,
				8F1AC8E71F7E5790005234F1 /* CalendarDemoUITests */,
			);
		};
/* End PBXProject section */

/* Begin PBXResourcesBuildPhase section */
		8F1AC8C71F7E578F005234F1 /* Resources */ = {
			isa = PBXResourcesBuildPhase;
			buildActionMask = 2147483647;
			files = (
				8F1AC8D71F7E578F005234F1 /* LaunchScreen.storyboard in Resources */,
				8F1AC8D41F7E578F005234F1 /* Assets.xcassets in Resources */,
				8F1AC8D21F7E578F005234F1 /* Main.storyboard in Resources */,
			);
			runOnlyForDeploymentPostprocessing = 0;
		};
		8F1AC8DB1F7E578F005234F1 /* Resources */ = {
			isa = PBXResourcesBuildPhase;
			buildActionMask = 2147483647;
			files = (
			);
			runOnlyForDeploymentPostprocessing = 0;
		};
		8F1AC8E61F7E5790005234F1 /* Resources */ = {
			isa = PBXResourcesBuildPhase;
			buildActionMask = 2147483647;
			files = (
			);
			runOnlyForDeploymentPostprocessing = 0;
		};
/* End PBXResourcesBuildPhase section */

/* Begin PBXSourcesBuildPhase section */
		8F1AC8C51F7E578F005234F1 /* Sources */ = {
			isa = PBXSourcesBuildPhase;
			buildActionMask = 2147483647;
			files = (
				8F351C351F8361160039CB22 /* CalendarCollectionViewCell.swift in Sources */,
				8F1AC8CF1F7E578F005234F1 /* ViewController.swift in Sources */,
				8F1AC8CD1F7E578F005234F1 /* AppDelegate.swift in Sources */,
			);
			runOnlyForDeploymentPostprocessing = 0;
		};
		8F1AC8D91F7E578F005234F1 /* Sources */ = {
			isa = PBXSourcesBuildPhase;
			buildActionMask = 2147483647;
			files = (
				8F1AC8E21F7E578F005234F1 /* CalendarDemoTests.swift in Sources */,
			);
			runOnlyForDeploymentPostprocessing = 0;
		};
		8F1AC8E41F7E5790005234F1 /* Sources */ = {
			isa = PBXSourcesBuildPhase;
			buildActionMask = 2147483647;
			files = (
				8F1AC8ED1F7E5790005234F1 /* CalendarDemoUITests.swift in Sources */,
			);
			runOnlyForDeploymentPostprocessing = 0;
		};
/* End PBXSourcesBuildPhase section */

/* Begin PBXTargetDependency section */
		8F1AC8DF1F7E578F005234F1 /* PBXTargetDependency */ = {
			isa = PBXTargetDependency;
			target = 8F1AC8C81F7E578F005234F1 /* CalendarDemo */;
			targetProxy = 8F1AC8DE1F7E578F005234F1 /* PBXContainerItemProxy */;
		};
		8F1AC8EA1F7E5790005234F1 /* PBXTargetDependency */ = {
			isa = PBXTargetDependency;
			target = 8F1AC8C81F7E578F005234F1 /* CalendarDemo */;
			targetProxy = 8F1AC8E91F7E5790005234F1 /* PBXContainerItemProxy */;
		};
/* End PBXTargetDependency section */

/* Begin PBXVariantGroup section */
		8F1AC8D01F7E578F005234F1 /* Main.storyboard */ = {
			isa = PBXVariantGroup;
			children = (
				8F1AC8D11F7E578F005234F1 /* Base */,
			);
			name = Main.storyboard;
			sourceTree = "<group>";
		};
		8F1AC8D51F7E578F005234F1 /* LaunchScreen.storyboard */ = {
			isa = PBXVariantGroup;
			children = (
				8F1AC8D61F7E578F005234F1 /* Base */,
			);
			name = LaunchScreen.storyboard;
			sourceTree = "<group>";
		};
/* End PBXVariantGroup section */

/* Begin XCBuildConfiguration section */
		8F1AC8EF1F7E5790005234F1 /* Debug */ = {
			isa = XCBuildConfiguration;
			buildSettings = {
				ALWAYS_SEARCH_USER_PATHS = NO;
				CLANG_ANALYZER_NONNULL = YES;
				CLANG_ANALYZER_NUMBER_OBJECT_CONVERSION = YES_AGGRESSIVE;
				CLANG_CXX_LANGUAGE_STANDARD = "gnu++14";
				CLANG_CXX_LIBRARY = "libc++";
				CLANG_ENABLE_MODULES = YES;
				CLANG_ENABLE_OBJC_ARC = YES;
				CLANG_WARN_BLOCK_CAPTURE_AUTORELEASING = YES;
				CLANG_WARN_BOOL_CONVERSION = YES;
				CLANG_WARN_COMMA = YES;
				CLANG_WARN_CONSTANT_CONVERSION = YES;
				CLANG_WARN_DIRECT_OBJC_ISA_USAGE = YES_ERROR;
				CLANG_WARN_DOCUMENTATION_COMMENTS = YES;
				CLANG_WARN_EMPTY_BODY = YES;
				CLANG_WARN_ENUM_CONVERSION = YES;
				CLANG_WARN_INFINITE_RECURSION = YES;
				CLANG_WARN_INT_CONVERSION = YES;
				CLANG_WARN_NON_LITERAL_NULL_CONVERSION = YES;
				CLANG_WARN_OBJC_LITERAL_CONVERSION = YES;
				CLANG_WARN_OBJC_ROOT_CLASS = YES_ERROR;
				CLANG_WARN_RANGE_LOOP_ANALYSIS = YES;
				CLANG_WARN_STRICT_PROTOTYPES = YES;
				CLANG_WARN_SUSPICIOUS_MOVE = YES;
				CLANG_WARN_UNGUARDED_AVAILABILITY = YES_AGGRESSIVE;
				CLANG_WARN_UNREACHABLE_CODE = YES;
				CLANG_WARN__DUPLICATE_METHOD_MATCH = YES;
				CODE_SIGN_IDENTITY = "iPhone Developer";
				COPY_PHASE_STRIP = NO;
				DEBUG_INFORMATION_FORMAT = dwarf;
				ENABLE_STRICT_OBJC_MSGSEND = YES;
				ENABLE_TESTABILITY = YES;
				GCC_C_LANGUAGE_STANDARD = gnu11;
				GCC_DYNAMIC_NO_PIC = NO;
				GCC_NO_COMMON_BLOCKS = YES;
				GCC_OPTIMIZATION_LEVEL = 0;
				GCC_PREPROCESSOR_DEFINITIONS = (
					"DEBUG=1",
					"$(inherited)",
				);
				GCC_WARN_64_TO_32_BIT_CONVERSION = YES;
				GCC_WARN_ABOUT_RETURN_TYPE = YES_ERROR;
				GCC_WARN_UNDECLARED_SELECTOR = YES;
				GCC_WARN_UNINITIALIZED_AUTOS = YES_AGGRESSIVE;
				GCC_WARN_UNUSED_FUNCTION = YES;
				GCC_WARN_UNUSED_VARIABLE = YES;
				IPHONEOS_DEPLOYMENT_TARGET = 11.0;
				MTL_ENABLE_DEBUG_INFO = YES;
				ONLY_ACTIVE_ARCH = YES;
				SDKROOT = iphoneos;
				SWIFT_ACTIVE_COMPILATION_CONDITIONS = DEBUG;
				SWIFT_OPTIMIZATION_LEVEL = "-Onone";
			};
			name = Debug;
		};
		8F1AC8F01F7E5790005234F1 /* Release */ = {
			isa = XCBuildConfiguration;
			buildSettings = {
				ALWAYS_SEARCH_USER_PATHS = NO;
				CLANG_ANALYZER_NONNULL = YES;
				CLANG_ANALYZER_NUMBER_OBJECT_CONVERSION = YES_AGGRESSIVE;
				CLANG_CXX_LANGUAGE_STANDARD = "gnu++14";
				CLANG_CXX_LIBRARY = "libc++";
				CLANG_ENABLE_MODULES = YES;
				CLANG_ENABLE_OBJC_ARC = YES;
				CLANG_WARN_BLOCK_CAPTURE_AUTORELEASING = YES;
				CLANG_WARN_BOOL_CONVERSION = YES;
				CLANG_WARN_COMMA = YES;
				CLANG_WARN_CONSTANT_CONVERSION = YES;
				CLANG_WARN_DIRECT_OBJC_ISA_USAGE = YES_ERROR;
				CLANG_WARN_DOCUMENTATION_COMMENTS = YES;
				CLANG_WARN_EMPTY_BODY = YES;
				CLANG_WARN_ENUM_CONVERSION = YES;
				CLANG_WARN_INFINITE_RECURSION = YES;
				CLANG_WARN_INT_CONVERSION = YES;
				CLANG_WARN_NON_LITERAL_NULL_CONVERSION = YES;
				CLANG_WARN_OBJC_LITERAL_CONVERSION = YES;
				CLANG_WARN_OBJC_ROOT_CLASS = YES_ERROR;
				CLANG_WARN_RANGE_LOOP_ANALYSIS = YES;
				CLANG_WARN_STRICT_PROTOTYPES = YES;
				CLANG_WARN_SUSPICIOUS_MOVE = YES;
				CLANG_WARN_UNGUARDED_AVAILABILITY = YES_AGGRESSIVE;
				CLANG_WARN_UNREACHABLE_CODE = YES;
				CLANG_WARN__DUPLICATE_METHOD_MATCH = YES;
				CODE_SIGN_IDENTITY = "iPhone Developer";
				COPY_PHASE_STRIP = NO;
				DEBUG_INFORMATION_FORMAT = "dwarf-with-dsym";
				ENABLE_NS_ASSERTIONS = NO;
				ENABLE_STRICT_OBJC_MSGSEND = YES;
				GCC_C_LANGUAGE_STANDARD = gnu11;
				GCC_NO_COMMON_BLOCKS = YES;
				GCC_WARN_64_TO_32_BIT_CONVERSION = YES;
				GCC_WARN_ABOUT_RETURN_TYPE = YES_ERROR;
				GCC_WARN_UNDECLARED_SELECTOR = YES;
				GCC_WARN_UNINITIALIZED_AUTOS = YES_AGGRESSIVE;
				GCC_WARN_UNUSED_FUNCTION = YES;
				GCC_WARN_UNUSED_VARIABLE = YES;
				IPHONEOS_DEPLOYMENT_TARGET = 11.0;
				MTL_ENABLE_DEBUG_INFO = NO;
				SDKROOT = iphoneos;
				SWIFT_OPTIMIZATION_LEVEL = "-Owholemodule";
				VALIDATE_PRODUCT = YES;
			};
			name = Release;
		};
		8F1AC8F21F7E5790005234F1 /* Debug */ = {
			isa = XCBuildConfiguration;
			buildSettings = {
				ASSETCATALOG_COMPILER_APPICON_NAME = AppIcon;
				CODE_SIGN_STYLE = Automatic;
				INFOPLIST_FILE = CalendarDemo/Info.plist;
				LD_RUNPATH_SEARCH_PATHS = "$(inherited) @executable_path/Frameworks";
				PRODUCT_BUNDLE_IDENTIFIER = com.webmyne.CalendarDemo;
				PRODUCT_NAME = "$(TARGET_NAME)";
				SWIFT_VERSION = 4.0;
				TARGETED_DEVICE_FAMILY = "1,2";
			};
			name = Debug;
		};
		8F1AC8F31F7E5790005234F1 /* Release */ = {
			isa = XCBuildConfiguration;
			buildSettings = {
				ASSETCATALOG_COMPILER_APPICON_NAME = AppIcon;
				CODE_SIGN_STYLE = Automatic;
				INFOPLIST_FILE = CalendarDemo/Info.plist;
				LD_RUNPATH_SEARCH_PATHS = "$(inherited) @executable_path/Frameworks";
				PRODUCT_BUNDLE_IDENTIFIER = com.webmyne.CalendarDemo;
				PRODUCT_NAME = "$(TARGET_NAME)";
				SWIFT_VERSION = 4.0;
				TARGETED_DEVICE_FAMILY = "1,2";
			};
			name = Release;
		};
		8F1AC8F51F7E5790005234F1 /* Debug */ = {
			isa = XCBuildConfiguration;
			buildSettings = {
				ALWAYS_EMBED_SWIFT_STANDARD_LIBRARIES = YES;
				BUNDLE_LOADER = "$(TEST_HOST)";
				CODE_SIGN_STYLE = Automatic;
				INFOPLIST_FILE = CalendarDemoTests/Info.plist;
				LD_RUNPATH_SEARCH_PATHS = "$(inherited) @executable_path/Frameworks @loader_path/Frameworks";
				PRODUCT_BUNDLE_IDENTIFIER = com.webmyne.CalendarDemoTests;
				PRODUCT_NAME = "$(TARGET_NAME)";
				SWIFT_VERSION = 4.0;
				TARGETED_DEVICE_FAMILY = "1,2";
				TEST_HOST = "$(BUILT_PRODUCTS_DIR)/CalendarDemo.app/CalendarDemo";
			};
			name = Debug;
		};
		8F1AC8F61F7E5790005234F1 /* Release */ = {
			isa = XCBuildConfiguration;
			buildSettings = {
				ALWAYS_EMBED_SWIFT_STANDARD_LIBRARIES = YES;
				BUNDLE_LOADER = "$(TEST_HOST)";
				CODE_SIGN_STYLE = Automatic;
				INFOPLIST_FILE = CalendarDemoTests/Info.plist;
				LD_RUNPATH_SEARCH_PATHS = "$(inherited) @executable_path/Frameworks @loader_path/Frameworks";
				PRODUCT_BUNDLE_IDENTIFIER = com.webmyne.CalendarDemoTests;
				PRODUCT_NAME = "$(TARGET_NAME)";
				SWIFT_VERSION = 4.0;
				TARGETED_DEVICE_FAMILY = "1,2";
				TEST_HOST = "$(BUILT_PRODUCTS_DIR)/CalendarDemo.app/CalendarDemo";
			};
			name = Release;
		};
		8F1AC8F81F7E5790005234F1 /* Debug */ = {
			isa = XCBuildConfiguration;
			buildSettings = {
				ALWAYS_EMBED_SWIFT_STANDARD_LIBRARIES = YES;
				CODE_SIGN_STYLE = Automatic;
				INFOPLIST_FILE = CalendarDemoUITests/Info.plist;
				LD_RUNPATH_SEARCH_PATHS = "$(inherited) @executable_path/Frameworks @loader_path/Frameworks";
				PRODUCT_BUNDLE_IDENTIFIER = com.webmyne.CalendarDemoUITests;
				PRODUCT_NAME = "$(TARGET_NAME)";
				SWIFT_VERSION = 4.0;
				TARGETED_DEVICE_FAMILY = "1,2";
				TEST_TARGET_NAME = CalendarDemo;
			};
			name = Debug;
		};
		8F1AC8F91F7E5790005234F1 /* Release */ = {
			isa = XCBuildConfiguration;
			buildSettings = {
				ALWAYS_EMBED_SWIFT_STANDARD_LIBRARIES = YES;
				CODE_SIGN_STYLE = Automatic;
				INFOPLIST_FILE = CalendarDemoUITests/Info.plist;
				LD_RUNPATH_SEARCH_PATHS = "$(inherited) @executable_path/Frameworks @loader_path/Frameworks";
				PRODUCT_BUNDLE_IDENTIFIER = com.webmyne.CalendarDemoUITests;
				PRODUCT_NAME = "$(TARGET_NAME)";
				SWIFT_VERSION = 4.0;
				TARGETED_DEVICE_FAMILY = "1,2";
				TEST_TARGET_NAME = CalendarDemo;
			};
			name = Release;
		};
/* End XCBuildConfiguration section */

/* Begin XCConfigurationList section */
		8F1AC8C41F7E578F005234F1 /* Build configuration list for PBXProject "CalendarDemo" */ = {
			isa = XCConfigurationList;
			buildConfigurations = (
				8F1AC8EF1F7E5790005234F1 /* Debug */,
				8F1AC8F01F7E5790005234F1 /* Release */,
			);
			defaultConfigurationIsVisible = 0;
			defaultConfigurationName = Release;
		};
		8F1AC8F11F7E5790005234F1 /* Build configuration list for PBXNativeTarget "CalendarDemo" */ = {
			isa = XCConfigurationList;
			buildConfigurations = (
				8F1AC8F21F7E5790005234F1 /* Debug */,
				8F1AC8F31F7E5790005234F1 /* Release */,
			);
			defaultConfigurationIsVisible = 0;
			defaultConfigurationName = Release;
		};
		8F1AC8F41F7E5790005234F1 /* Build configuration list for PBXNativeTarget "CalendarDemoTests" */ = {
			isa = XCConfigurationList;
			buildConfigurations = (
				8F1AC8F51F7E5790005234F1 /* Debug */,
				8F1AC8F61F7E5790005234F1 /* Release */,
			);
			defaultConfigurationIsVisible = 0;
			defaultConfigurationName = Release;
		};
		8F1AC8F71F7E5790005234F1 /* Build configuration list for PBXNativeTarget "CalendarDemoUITests" */ = {
			isa = XCConfigurationList;
			buildConfigurations = (
				8F1AC8F81F7E5790005234F1 /* Debug */,
				8F1AC8F91F7E5790005234F1 /* Release */,
			);
			defaultConfigurationIsVisible = 0;
			defaultConfigurationName = Release;
		};
/* End XCConfigurationList section */
	};
	rootObject = 8F1AC8C11F7E578F005234F1 /* Project object */;
}
